
Microsoft Visual Studio Solution File, Format Version 12.00
# Visual Studio Version 17
VisualStudioVersion = 17.0.32014.148
MinimumVisualStudioVersion = 10.0.40219.1
Project("{9A19103F-16F7-4668-BE54-9A1E7A4F7556}") = "Markdig.ColorCode", "Markdig.ColorCode\Markdig.ColorCode.csproj", "{D1E3D474-21D0-4A60-93DB-445254C8E7E4}"
EndProject
Project("{FAE04EC0-301F-11D3-BF4B-00C04F79EFBC}") = "Markdig.ColorCode.UnitTests", "..\tests\Markdig.ColorCode.UnitTests\Markdig.ColorCode.UnitTests.csproj", "{3D4FC8FE-0228-478E-A7A8-B4E48A5D59CC}"
EndProject
Global
	GlobalSection(SolutionConfigurationPlatforms) = preSolution
		Debug|Any CPU = Debug|Any CPU
		Release|Any CPU = Release|Any CPU
	EndGlobalSection
	GlobalSection(ProjectConfigurationPlatforms) = postSolution
		{D1E3D474-21D0-4A60-93DB-445254C8E7E4}.Debug|Any CPU.ActiveCfg = Debug|Any CPU
		{D1E3D474-21D0-4A60-93DB-445254C8E7E4}.Debug|Any CPU.Build.0 = Debug|Any CPU
		{D1E3D474-21D0-4A60-93DB-445254C8E7E4}.Release|Any CPU.ActiveCfg = Release|Any CPU
		{D1E3D474-21D0-4A60-93DB-445254C8E7E4}.Release|Any CPU.Build.0 = Release|Any CPU
		{3D4FC8FE-0228-478E-A7A8-B4E48A5D59CC}.Debug|Any CPU.ActiveCfg = Debug|Any CPU
		{3D4FC8FE-0228-478E-A7A8-B4E48A5D59CC}.Debug|Any CPU.Build.0 = Debug|Any CPU
		{3D4FC8FE-0228-478E-A7A8-B4E48A5D59CC}.Release|Any CPU.ActiveCfg = Release|Any CPU
		{3D4FC8FE-0228-478E-A7A8-B4E48A5D59CC}.Release|Any CPU.Build.0 = Release|Any CPU
	EndGlobalSection
	GlobalSection(SolutionProperties) = preSolution
		HideSolutionNode = FALSE
	EndGlobalSection
	GlobalSection(ExtensibilityGlobals) = postSolution
		SolutionGuid = {D9896CDE-7FD1-4F75-8A7A-D79379EC5588}
	EndGlobalSection
EndGlobal
