
Microsoft Visual Studio Solution File, Format Version 12.00
# Visual Studio Version 17
VisualStudioVersion = 17.0.32014.148
MinimumVisualStudioVersion = 10.0.40219.1
Project("{9A19103F-16F7-4668-BE54-9A1E7A4F7556}") = "Markdown.ColorCode", "Markdown.ColorCode\Markdown.ColorCode.csproj", "{7AD369ED-1626-4AAA-AE18-39209B8C7A9E}"
EndProject
Project("{9A19103F-16F7-4668-BE54-9A1E7A4F7556}") = "Markdown.ColorCode.UnitTests", "..\tests\Markdown.ColorCode.UnitTests\Markdown.ColorCode.UnitTests.csproj", "{C4A4653F-275A-42AC-8425-51D99F843511}"
EndProject
Project("{FAE04EC0-301F-11D3-BF4B-00C04F79EFBC}") = "Markdown.ColorCode.CSharpToColoredHtml", "Markdown.ColorCode.CSharpToColoredHtml\Markdown.ColorCode.CSharpToColoredHtml.csproj", "{9EB3A952-F898-43D7-B159-2B3A01BC204F}"
EndProject
Global
	GlobalSection(SolutionConfigurationPlatforms) = preSolution
		Debug|Any CPU = Debug|Any CPU
		Release|Any CPU = Release|Any CPU
	EndGlobalSection
	GlobalSection(ProjectConfigurationPlatforms) = postSolution
		{7AD369ED-1626-4AAA-AE18-39209B8C7A9E}.Debug|Any CPU.ActiveCfg = Debug|Any CPU
		{7AD369ED-1626-4AAA-AE18-39209B8C7A9E}.Debug|Any CPU.Build.0 = Debug|Any CPU
		{7AD369ED-1626-4AAA-AE18-39209B8C7A9E}.Release|Any CPU.ActiveCfg = Release|Any CPU
		{7AD369ED-1626-4AAA-AE18-39209B8C7A9E}.Release|Any CPU.Build.0 = Release|Any CPU
		{C4A4653F-275A-42AC-8425-51D99F843511}.Debug|Any CPU.ActiveCfg = Debug|Any CPU
		{C4A4653F-275A-42AC-8425-51D99F843511}.Debug|Any CPU.Build.0 = Debug|Any CPU
		{C4A4653F-275A-42AC-8425-51D99F843511}.Release|Any CPU.ActiveCfg = Release|Any CPU
		{C4A4653F-275A-42AC-8425-51D99F843511}.Release|Any CPU.Build.0 = Release|Any CPU
		{9EB3A952-F898-43D7-B159-2B3A01BC204F}.Debug|Any CPU.ActiveCfg = Debug|Any CPU
		{9EB3A952-F898-43D7-B159-2B3A01BC204F}.Debug|Any CPU.Build.0 = Debug|Any CPU
		{9EB3A952-F898-43D7-B159-2B3A01BC204F}.Release|Any CPU.ActiveCfg = Release|Any CPU
		{9EB3A952-F898-43D7-B159-2B3A01BC204F}.Release|Any CPU.Build.0 = Release|Any CPU
	EndGlobalSection
	GlobalSection(SolutionProperties) = preSolution
		HideSolutionNode = FALSE
	EndGlobalSection
	GlobalSection(ExtensibilityGlobals) = postSolution
		SolutionGuid = {D9896CDE-7FD1-4F75-8A7A-D79379EC5588}
	EndGlobalSection
EndGlobal
